
Microsoft Visual Studio Solution File, Format Version 12.00
# Visual Studio Version 17
VisualStudioVersion = 17.10.35431.56
MinimumVisualStudioVersion = 10.0.40219.1
Project("{FAE04EC0-301F-11D3-BF4B-00C04F79EFBC}") = "3XPlus1", "3XPlus1\3XPlus1.csproj", "{58BA3B28-5115-44B3-B07A-8F495D180889}"
EndProject
Project("{FAE04EC0-301F-11D3-BF4B-00C04F79EFBC}") = "FactoriceNumber", "FactoriceNumber\FactoriceNumber.csproj", "{9B64E56A-6C21-40CF-A2CE-788C826A234C}"
EndProject
Project("{FAE04EC0-301F-11D3-BF4B-00C04F79EFBC}") = "BinSearch", "BinSearch\BinSearch.csproj", "{4927956C-7B25-4069-ADCE-C1D7C5458C98}"
EndProject
Project("{FAE04EC0-301F-11D3-BF4B-00C04F79EFBC}") = "Einmaleins", "Einmaleins\Einmaleins.csproj", "{62CF6DCA-F852-4603-B4F5-18A2A974CCD3}"
EndProject
Project("{FAE04EC0-301F-11D3-BF4B-00C04F79EFBC}") = "ToBinTerm", "ToBinTerm\ToBinTerm.csproj", "{87EB42D7-03A1-4A83-8228-FA759C297EB4}"
EndProject
Project("{FAE04EC0-301F-11D3-BF4B-00C04F79EFBC}") = "FizzBuzz", "FizzBuzz\FizzBuzz.csproj", "{BD396432-A800-46F8-9502-6493278FE829}"
EndProject
Project("{FAE04EC0-301F-11D3-BF4B-00C04F79EFBC}") = "FilterVocals", "FilterVocals\FilterVocals.csproj", "{73BF4D0D-0914-4024-BAD6-D483C74ED435}"
EndProject
Project("{FAE04EC0-301F-11D3-BF4B-00C04F79EFBC}") = "DeleteChars", "DeleteChars\DeleteChars.csproj", "{BD864425-A3EA-4A4A-A13C-463DFB8D71B6}"
EndProject
Project("{FAE04EC0-301F-11D3-BF4B-00C04F79EFBC}") = "ROT13", "ROT13\ROT13.csproj", "{EAAA0150-65C8-4BBA-9B05-13F39AF664DA}"
EndProject
Project("{FAE04EC0-301F-11D3-BF4B-00C04F79EFBC}") = "SudokuHelper", "SudokuHelper\SudokuHelper.csproj", "{5356E22A-DAA9-42E5-A0BE-2FB5BF4BEED7}"
EndProject
Project("{FAE04EC0-301F-11D3-BF4B-00C04F79EFBC}") = "FromStringToInt", "FromStringToInt\FromStringToInt.csproj", "{46E17DAE-F527-4DF9-9917-10958144859E}"
EndProject
Project("{FAE04EC0-301F-11D3-BF4B-00C04F79EFBC}") = "TextCompress", "TextCompress\TextCompress.csproj", "{E908F422-5047-4354-BBFC-1CA8EAD2F3FF}"
EndProject
Project("{FAE04EC0-301F-11D3-BF4B-00C04F79EFBC}") = "PerfectNumber", "PerfectNumber\PerfectNumber.csproj", "{46E0CF61-83F4-4719-9660-91D7CAF67B4C}"
EndProject
Project("{FAE04EC0-301F-11D3-BF4B-00C04F79EFBC}") = "Palindrome", "Palindrome\Palindrome.csproj", "{F9E4964F-62BF-4070-81FB-F1C7E27A16AD}"
EndProject
Project("{FAE04EC0-301F-11D3-BF4B-00C04F79EFBC}") = "Armstrong number", "Armstrong number\Armstrong number.csproj", "{13B44B48-B0EB-4321-B337-0A4F7E9C494F}"
EndProject
Project("{FAE04EC0-301F-11D3-BF4B-00C04F79EFBC}") = "Christmas Tree", "Christmas Tree\Christmas Tree.csproj", "{845B9CEE-4A98-42A0-BA75-87E0A8659805}"
EndProject
Project("{FAE04EC0-301F-11D3-BF4B-00C04F79EFBC}") = "Turtle", "Turtle\Turtle.csproj", "{F2847489-0DE9-425E-AF20-2F04F3E9908C}"
EndProject
Project("{FAE04EC0-301F-11D3-BF4B-00C04F79EFBC}") = "Mirp", "Mirp\Mirp.csproj", "{84FEEE90-2C92-40C6-ADC9-ACF6E4639F6D}"
EndProject
Project("{FAE04EC0-301F-11D3-BF4B-00C04F79EFBC}") = "ROT13WithMethod", "ROT13WithMethod\ROT13WithMethod.csproj", "{BE48063D-0C8D-4BBC-AABD-AAFA1ECB243F}"
EndProject
Project("{FAE04EC0-301F-11D3-BF4B-00C04F79EFBC}") = "WordCount", "WordCount\WordCount.csproj", "{B37EACC4-F016-4B74-BEE0-4D38D85C4C9F}"
EndProject
Project("{FAE04EC0-301F-11D3-BF4B-00C04F79EFBC}") = "Draw a House", "Draw a House\Draw a House.csproj", "{39821414-E437-4E17-9E2B-49CE277821D9}"
EndProject
Project("{FAE04EC0-301F-11D3-BF4B-00C04F79EFBC}") = "BigInteger", "BigInteger\BigInteger.csproj", "{26C32885-BACE-4FED-BC45-9C81020BDBB7}"
EndProject
Project("{FAE04EC0-301F-11D3-BF4B-00C04F79EFBC}") = "HTLLeondingNumber", "HTLLeondingNumber\HTLLeondingNumber.csproj", "{930756C3-90F9-4FAF-9E0E-DE8D1C0DA0CF}"
EndProject
Project("{FAE04EC0-301F-11D3-BF4B-00C04F79EFBC}") = "GradeStatistic", "GradeStatistic\GradeStatistic.csproj", "{10464137-1113-4C65-8DDC-67DB246E0F02}"
EndProject
Project("{FAE04EC0-301F-11D3-BF4B-00C04F79EFBC}") = "Array-Statistic", "Array-Statistic\Array-Statistic.csproj", "{EB5A3F3C-2648-48CF-9F4E-8FF111CCA5AE}"
EndProject
Project("{FAE04EC0-301F-11D3-BF4B-00C04F79EFBC}") = "LetterCounter", "LetterCounter\LetterCounter.csproj", "{61FBF1A7-522F-46C1-BA10-6A5B230A2D6A}"
EndProject
Project("{FAE04EC0-301F-11D3-BF4B-00C04F79EFBC}") = "SV-Nummer", "SV-Nummer\SV-Nummer.csproj", "{FB5CA68C-A390-4218-9BFE-BFF34311E16F}"
EndProject
Project("{FAE04EC0-301F-11D3-BF4B-00C04F79EFBC}") = "Merging Arrays", "Merging Arrays\Merging Arrays.csproj", "{508B6EC7-4F8D-4EC9-950A-BED854D3344E}"
EndProject
Project("{FAE04EC0-301F-11D3-BF4B-00C04F79EFBC}") = "Sieb des Eratosthenes", "Sieb des Eratosthenes\Sieb des Eratosthenes.csproj", "{0E7752BB-CB3A-48F9-8E9E-A976BFD182CA}"
EndProject
Project("{FAE04EC0-301F-11D3-BF4B-00C04F79EFBC}") = "Matrix", "Matrix\Matrix.csproj", "{930CBF85-5C2A-4038-83E4-F74D43667E97}"
EndProject
Global
	GlobalSection(SolutionConfigurationPlatforms) = preSolution
		Debug|Any CPU = Debug|Any CPU
		Release|Any CPU = Release|Any CPU
	EndGlobalSection
	GlobalSection(ProjectConfigurationPlatforms) = postSolution
		{58BA3B28-5115-44B3-B07A-8F495D180889}.Debug|Any CPU.ActiveCfg = Debug|Any CPU
		{58BA3B28-5115-44B3-B07A-8F495D180889}.Debug|Any CPU.Build.0 = Debug|Any CPU
		{58BA3B28-5115-44B3-B07A-8F495D180889}.Release|Any CPU.ActiveCfg = Release|Any CPU
		{58BA3B28-5115-44B3-B07A-8F495D180889}.Release|Any CPU.Build.0 = Release|Any CPU
		{9B64E56A-6C21-40CF-A2CE-788C826A234C}.Debug|Any CPU.ActiveCfg = Debug|Any CPU
		{9B64E56A-6C21-40CF-A2CE-788C826A234C}.Debug|Any CPU.Build.0 = Debug|Any CPU
		{9B64E56A-6C21-40CF-A2CE-788C826A234C}.Release|Any CPU.ActiveCfg = Release|Any CPU
		{9B64E56A-6C21-40CF-A2CE-788C826A234C}.Release|Any CPU.Build.0 = Release|Any CPU
		{4927956C-7B25-4069-ADCE-C1D7C5458C98}.Debug|Any CPU.ActiveCfg = Debug|Any CPU
		{4927956C-7B25-4069-ADCE-C1D7C5458C98}.Debug|Any CPU.Build.0 = Debug|Any CPU
		{4927956C-7B25-4069-ADCE-C1D7C5458C98}.Release|Any CPU.ActiveCfg = Release|Any CPU
		{4927956C-7B25-4069-ADCE-C1D7C5458C98}.Release|Any CPU.Build.0 = Release|Any CPU
		{62CF6DCA-F852-4603-B4F5-18A2A974CCD3}.Debug|Any CPU.ActiveCfg = Debug|Any CPU
		{62CF6DCA-F852-4603-B4F5-18A2A974CCD3}.Debug|Any CPU.Build.0 = Debug|Any CPU
		{62CF6DCA-F852-4603-B4F5-18A2A974CCD3}.Release|Any CPU.ActiveCfg = Release|Any CPU
		{62CF6DCA-F852-4603-B4F5-18A2A974CCD3}.Release|Any CPU.Build.0 = Release|Any CPU
		{87EB42D7-03A1-4A83-8228-FA759C297EB4}.Debug|Any CPU.ActiveCfg = Debug|Any CPU
		{87EB42D7-03A1-4A83-8228-FA759C297EB4}.Debug|Any CPU.Build.0 = Debug|Any CPU
		{87EB42D7-03A1-4A83-8228-FA759C297EB4}.Release|Any CPU.ActiveCfg = Release|Any CPU
		{87EB42D7-03A1-4A83-8228-FA759C297EB4}.Release|Any CPU.Build.0 = Release|Any CPU
		{BD396432-A800-46F8-9502-6493278FE829}.Debug|Any CPU.ActiveCfg = Debug|Any CPU
		{BD396432-A800-46F8-9502-6493278FE829}.Debug|Any CPU.Build.0 = Debug|Any CPU
		{BD396432-A800-46F8-9502-6493278FE829}.Release|Any CPU.ActiveCfg = Release|Any CPU
		{BD396432-A800-46F8-9502-6493278FE829}.Release|Any CPU.Build.0 = Release|Any CPU
		{73BF4D0D-0914-4024-BAD6-D483C74ED435}.Debug|Any CPU.ActiveCfg = Debug|Any CPU
		{73BF4D0D-0914-4024-BAD6-D483C74ED435}.Debug|Any CPU.Build.0 = Debug|Any CPU
		{73BF4D0D-0914-4024-BAD6-D483C74ED435}.Release|Any CPU.ActiveCfg = Release|Any CPU
		{73BF4D0D-0914-4024-BAD6-D483C74ED435}.Release|Any CPU.Build.0 = Release|Any CPU
		{BD864425-A3EA-4A4A-A13C-463DFB8D71B6}.Debug|Any CPU.ActiveCfg = Debug|Any CPU
		{BD864425-A3EA-4A4A-A13C-463DFB8D71B6}.Debug|Any CPU.Build.0 = Debug|Any CPU
		{BD864425-A3EA-4A4A-A13C-463DFB8D71B6}.Release|Any CPU.ActiveCfg = Release|Any CPU
		{BD864425-A3EA-4A4A-A13C-463DFB8D71B6}.Release|Any CPU.Build.0 = Release|Any CPU
		{EAAA0150-65C8-4BBA-9B05-13F39AF664DA}.Debug|Any CPU.ActiveCfg = Debug|Any CPU
		{EAAA0150-65C8-4BBA-9B05-13F39AF664DA}.Debug|Any CPU.Build.0 = Debug|Any CPU
		{EAAA0150-65C8-4BBA-9B05-13F39AF664DA}.Release|Any CPU.ActiveCfg = Release|Any CPU
		{EAAA0150-65C8-4BBA-9B05-13F39AF664DA}.Release|Any CPU.Build.0 = Release|Any CPU
		{5356E22A-DAA9-42E5-A0BE-2FB5BF4BEED7}.Debug|Any CPU.ActiveCfg = Debug|Any CPU
		{5356E22A-DAA9-42E5-A0BE-2FB5BF4BEED7}.Debug|Any CPU.Build.0 = Debug|Any CPU
		{5356E22A-DAA9-42E5-A0BE-2FB5BF4BEED7}.Release|Any CPU.ActiveCfg = Release|Any CPU
		{5356E22A-DAA9-42E5-A0BE-2FB5BF4BEED7}.Release|Any CPU.Build.0 = Release|Any CPU
		{46E17DAE-F527-4DF9-9917-10958144859E}.Debug|Any CPU.ActiveCfg = Debug|Any CPU
		{46E17DAE-F527-4DF9-9917-10958144859E}.Debug|Any CPU.Build.0 = Debug|Any CPU
		{46E17DAE-F527-4DF9-9917-10958144859E}.Release|Any CPU.ActiveCfg = Release|Any CPU
		{46E17DAE-F527-4DF9-9917-10958144859E}.Release|Any CPU.Build.0 = Release|Any CPU
		{E908F422-5047-4354-BBFC-1CA8EAD2F3FF}.Debug|Any CPU.ActiveCfg = Debug|Any CPU
		{E908F422-5047-4354-BBFC-1CA8EAD2F3FF}.Debug|Any CPU.Build.0 = Debug|Any CPU
		{E908F422-5047-4354-BBFC-1CA8EAD2F3FF}.Release|Any CPU.ActiveCfg = Release|Any CPU
		{E908F422-5047-4354-BBFC-1CA8EAD2F3FF}.Release|Any CPU.Build.0 = Release|Any CPU
		{46E0CF61-83F4-4719-9660-91D7CAF67B4C}.Debug|Any CPU.ActiveCfg = Debug|Any CPU
		{46E0CF61-83F4-4719-9660-91D7CAF67B4C}.Debug|Any CPU.Build.0 = Debug|Any CPU
		{46E0CF61-83F4-4719-9660-91D7CAF67B4C}.Release|Any CPU.ActiveCfg = Release|Any CPU
		{46E0CF61-83F4-4719-9660-91D7CAF67B4C}.Release|Any CPU.Build.0 = Release|Any CPU
		{F9E4964F-62BF-4070-81FB-F1C7E27A16AD}.Debug|Any CPU.ActiveCfg = Debug|Any CPU
		{F9E4964F-62BF-4070-81FB-F1C7E27A16AD}.Debug|Any CPU.Build.0 = Debug|Any CPU
		{F9E4964F-62BF-4070-81FB-F1C7E27A16AD}.Release|Any CPU.ActiveCfg = Release|Any CPU
		{F9E4964F-62BF-4070-81FB-F1C7E27A16AD}.Release|Any CPU.Build.0 = Release|Any CPU
		{13B44B48-B0EB-4321-B337-0A4F7E9C494F}.Debug|Any CPU.ActiveCfg = Debug|Any CPU
		{13B44B48-B0EB-4321-B337-0A4F7E9C494F}.Debug|Any CPU.Build.0 = Debug|Any CPU
		{13B44B48-B0EB-4321-B337-0A4F7E9C494F}.Release|Any CPU.ActiveCfg = Release|Any CPU
		{13B44B48-B0EB-4321-B337-0A4F7E9C494F}.Release|Any CPU.Build.0 = Release|Any CPU
		{845B9CEE-4A98-42A0-BA75-87E0A8659805}.Debug|Any CPU.ActiveCfg = Debug|Any CPU
		{845B9CEE-4A98-42A0-BA75-87E0A8659805}.Debug|Any CPU.Build.0 = Debug|Any CPU
		{845B9CEE-4A98-42A0-BA75-87E0A8659805}.Release|Any CPU.ActiveCfg = Release|Any CPU
		{845B9CEE-4A98-42A0-BA75-87E0A8659805}.Release|Any CPU.Build.0 = Release|Any CPU
		{F2847489-0DE9-425E-AF20-2F04F3E9908C}.Debug|Any CPU.ActiveCfg = Debug|Any CPU
		{F2847489-0DE9-425E-AF20-2F04F3E9908C}.Debug|Any CPU.Build.0 = Debug|Any CPU
		{F2847489-0DE9-425E-AF20-2F04F3E9908C}.Release|Any CPU.ActiveCfg = Release|Any CPU
		{F2847489-0DE9-425E-AF20-2F04F3E9908C}.Release|Any CPU.Build.0 = Release|Any CPU
		{84FEEE90-2C92-40C6-ADC9-ACF6E4639F6D}.Debug|Any CPU.ActiveCfg = Debug|Any CPU
		{84FEEE90-2C92-40C6-ADC9-ACF6E4639F6D}.Debug|Any CPU.Build.0 = Debug|Any CPU
		{84FEEE90-2C92-40C6-ADC9-ACF6E4639F6D}.Release|Any CPU.ActiveCfg = Release|Any CPU
		{84FEEE90-2C92-40C6-ADC9-ACF6E4639F6D}.Release|Any CPU.Build.0 = Release|Any CPU
		{BE48063D-0C8D-4BBC-AABD-AAFA1ECB243F}.Debug|Any CPU.ActiveCfg = Debug|Any CPU
		{BE48063D-0C8D-4BBC-AABD-AAFA1ECB243F}.Debug|Any CPU.Build.0 = Debug|Any CPU
		{BE48063D-0C8D-4BBC-AABD-AAFA1ECB243F}.Release|Any CPU.ActiveCfg = Release|Any CPU
		{BE48063D-0C8D-4BBC-AABD-AAFA1ECB243F}.Release|Any CPU.Build.0 = Release|Any CPU
		{B37EACC4-F016-4B74-BEE0-4D38D85C4C9F}.Debug|Any CPU.ActiveCfg = Debug|Any CPU
		{B37EACC4-F016-4B74-BEE0-4D38D85C4C9F}.Debug|Any CPU.Build.0 = Debug|Any CPU
		{B37EACC4-F016-4B74-BEE0-4D38D85C4C9F}.Release|Any CPU.ActiveCfg = Release|Any CPU
		{B37EACC4-F016-4B74-BEE0-4D38D85C4C9F}.Release|Any CPU.Build.0 = Release|Any CPU
		{39821414-E437-4E17-9E2B-49CE277821D9}.Debug|Any CPU.ActiveCfg = Debug|Any CPU
		{39821414-E437-4E17-9E2B-49CE277821D9}.Debug|Any CPU.Build.0 = Debug|Any CPU
		{39821414-E437-4E17-9E2B-49CE277821D9}.Release|Any CPU.ActiveCfg = Release|Any CPU
		{39821414-E437-4E17-9E2B-49CE277821D9}.Release|Any CPU.Build.0 = Release|Any CPU
		{26C32885-BACE-4FED-BC45-9C81020BDBB7}.Debug|Any CPU.ActiveCfg = Debug|Any CPU
		{26C32885-BACE-4FED-BC45-9C81020BDBB7}.Debug|Any CPU.Build.0 = Debug|Any CPU
		{26C32885-BACE-4FED-BC45-9C81020BDBB7}.Release|Any CPU.ActiveCfg = Release|Any CPU
		{26C32885-BACE-4FED-BC45-9C81020BDBB7}.Release|Any CPU.Build.0 = Release|Any CPU
		{930756C3-90F9-4FAF-9E0E-DE8D1C0DA0CF}.Debug|Any CPU.ActiveCfg = Debug|Any CPU
		{930756C3-90F9-4FAF-9E0E-DE8D1C0DA0CF}.Debug|Any CPU.Build.0 = Debug|Any CPU
		{930756C3-90F9-4FAF-9E0E-DE8D1C0DA0CF}.Release|Any CPU.ActiveCfg = Release|Any CPU
		{930756C3-90F9-4FAF-9E0E-DE8D1C0DA0CF}.Release|Any CPU.Build.0 = Release|Any CPU
		{10464137-1113-4C65-8DDC-67DB246E0F02}.Debug|Any CPU.ActiveCfg = Debug|Any CPU
		{10464137-1113-4C65-8DDC-67DB246E0F02}.Debug|Any CPU.Build.0 = Debug|Any CPU
		{10464137-1113-4C65-8DDC-67DB246E0F02}.Release|Any CPU.ActiveCfg = Release|Any CPU
		{10464137-1113-4C65-8DDC-67DB246E0F02}.Release|Any CPU.Build.0 = Release|Any CPU
		{EB5A3F3C-2648-48CF-9F4E-8FF111CCA5AE}.Debug|Any CPU.ActiveCfg = Debug|Any CPU
		{EB5A3F3C-2648-48CF-9F4E-8FF111CCA5AE}.Debug|Any CPU.Build.0 = Debug|Any CPU
		{EB5A3F3C-2648-48CF-9F4E-8FF111CCA5AE}.Release|Any CPU.ActiveCfg = Release|Any CPU
		{EB5A3F3C-2648-48CF-9F4E-8FF111CCA5AE}.Release|Any CPU.Build.0 = Release|Any CPU
		{61FBF1A7-522F-46C1-BA10-6A5B230A2D6A}.Debug|Any CPU.ActiveCfg = Debug|Any CPU
		{61FBF1A7-522F-46C1-BA10-6A5B230A2D6A}.Debug|Any CPU.Build.0 = Debug|Any CPU
		{61FBF1A7-522F-46C1-BA10-6A5B230A2D6A}.Release|Any CPU.ActiveCfg = Release|Any CPU
		{61FBF1A7-522F-46C1-BA10-6A5B230A2D6A}.Release|Any CPU.Build.0 = Release|Any CPU
		{FB5CA68C-A390-4218-9BFE-BFF34311E16F}.Debug|Any CPU.ActiveCfg = Debug|Any CPU
		{FB5CA68C-A390-4218-9BFE-BFF34311E16F}.Debug|Any CPU.Build.0 = Debug|Any CPU
		{FB5CA68C-A390-4218-9BFE-BFF34311E16F}.Release|Any CPU.ActiveCfg = Release|Any CPU
		{FB5CA68C-A390-4218-9BFE-BFF34311E16F}.Release|Any CPU.Build.0 = Release|Any CPU
		{508B6EC7-4F8D-4EC9-950A-BED854D3344E}.Debug|Any CPU.ActiveCfg = Debug|Any CPU
		{508B6EC7-4F8D-4EC9-950A-BED854D3344E}.Debug|Any CPU.Build.0 = Debug|Any CPU
		{508B6EC7-4F8D-4EC9-950A-BED854D3344E}.Release|Any CPU.ActiveCfg = Release|Any CPU
		{508B6EC7-4F8D-4EC9-950A-BED854D3344E}.Release|Any CPU.Build.0 = Release|Any CPU
		{0E7752BB-CB3A-48F9-8E9E-A976BFD182CA}.Debug|Any CPU.ActiveCfg = Debug|Any CPU
		{0E7752BB-CB3A-48F9-8E9E-A976BFD182CA}.Debug|Any CPU.Build.0 = Debug|Any CPU
		{0E7752BB-CB3A-48F9-8E9E-A976BFD182CA}.Release|Any CPU.ActiveCfg = Release|Any CPU
		{0E7752BB-CB3A-48F9-8E9E-A976BFD182CA}.Release|Any CPU.Build.0 = Release|Any CPU
		{930CBF85-5C2A-4038-83E4-F74D43667E97}.Debug|Any CPU.ActiveCfg = Debug|Any CPU
		{930CBF85-5C2A-4038-83E4-F74D43667E97}.Debug|Any CPU.Build.0 = Debug|Any CPU
		{930CBF85-5C2A-4038-83E4-F74D43667E97}.Release|Any CPU.ActiveCfg = Release|Any CPU
		{930CBF85-5C2A-4038-83E4-F74D43667E97}.Release|Any CPU.Build.0 = Release|Any CPU
	EndGlobalSection
	GlobalSection(SolutionProperties) = preSolution
		HideSolutionNode = FALSE
	EndGlobalSection
	GlobalSection(ExtensibilityGlobals) = postSolution
		SolutionGuid = {1AB09D9A-3C8A-4719-BCF3-AF7D8C640A0E}
	EndGlobalSection
EndGlobal
